{
  "name": "sample",
  "lockfileVersion": 3,
  "requires": true,
  "packages": {
    "": {
      "dependencies": {
        "serverless": "^4.41.1"
      }
    },
    "node_modules/serverless": {
      "version": "4.41.1",
      "resolved": "https://registry.npmjs.org/serverless/-/serverless-4.41.1.tgz",
      "integrity": "sha512-vjnXUv8RDgzpaVZnrNRIBui9C2injCn6xWt5toUHNvLPPmvy5ECZuS38AENbBTw+2a8WTfmmWz7ob24vi7TJrA==",
      "hasInstallScript": true,
      "dependencies": {
        "undici": "6.28.0"
      },
      "bin": {
        "serverless": "run.js",
        "sls": "run.js"
      },
      "engines": {
        "node": ">=18.17.0"
      }
    },
    "node_modules/undici": {
      "version": "6.28.0",
      "resolved": "https://registry.npmjs.org/undici/-/undici-6.28.0.tgz",
      "integrity": "sha512-LIY910g9TI13YS95lrMFrs8Rm/u/irgHeTWoKCoteeJ04CUJ92eEfj0rVn+7VKMPBpUPiUoBKfhNyLI23EE/KA==",
      "license": "MIT",
      "engines": {
        "node": ">=18.17"
      }
    }
  }
}
