{
  "name": "sample",
  "lockfileVersion": 3,
  "requires": true,
  "packages": {
    "": {
      "dependencies": {
        "@slack/webhook": "^8.0.2"
      }
    },
    "node_modules/@slack/types": {
      "version": "3.1.0",
      "resolved": "https://registry.npmjs.org/@slack/types/-/types-3.1.0.tgz",
      "integrity": "sha512-bTzqrO3lxJ5iWedo1eJKNAs1koyEhaTwKLJUkD3KETnPeQvD978AAE4jvWstUws8Gbbc4JR6iYE6F7XjE8UGmw==",
      "license": "MIT",
      "engines": {
        "node": ">= 20",
        "npm": ">=9.6.4"
      }
    },
    "node_modules/@slack/webhook": {
      "version": "8.0.2",
      "resolved": "https://registry.npmjs.org/@slack/webhook/-/webhook-8.0.2.tgz",
      "integrity": "sha512-gBPlV9W6zfP4qcijX47Ni5GznbZ8Q7oZYnCQMGkOGnEHPny+gR1xpjaUdafSwGNEVKjHtW39+A2Upzg1GPHyVg==",
      "license": "MIT",
      "dependencies": {
        "@slack/types": "^3.1.0",
        "@types/node": ">=20",
        "@types/retry": "0.12.5",
        "p-retry": "^4.6.2",
        "retry": "^0.13.1"
      },
      "engines": {
        "node": ">= 20",
        "npm": ">=9.6.4"
      }
    },
    "node_modules/@types/node": {
      "version": "26.4.0",
      "resolved": "https://registry.npmjs.org/@types/node/-/node-26.4.0.tgz",
      "integrity": "sha512-faiGnoIrLH/V8cibOMEAZ8pMw6oXqSukl29ra4mN8GdaB2ZewzeaLj+INpV5N+Z1eKWzY+IzaIZH2EIR6YZRNQ==",
      "license": "MIT",
      "dependencies": {
        "undici-types": "~8.3.0"
      }
    },
    "node_modules/@types/retry": {
      "version": "0.12.5",
      "resolved": "https://registry.npmjs.org/@types/retry/-/retry-0.12.5.tgz",
      "integrity": "sha512-3xSjTp3v03X/lSQLkczaN9UIEwJMoMCA1+Nb5HfbJEQWogdeQIyVtTvxPXDQjZ5zws8rFQfVfRdz03ARihPJgw==",
      "license": "MIT"
    },
    "node_modules/p-retry": {
      "version": "4.6.2",
      "resolved": "https://registry.npmjs.org/p-retry/-/p-retry-4.6.2.tgz",
      "integrity": "sha512-312Id396EbJdvRONlngUx0NydfrIQ5lsYu0znKVUzVvArzEIt08V1qhtyESbGVd1FGX7UKtiFp5uwKZdM8wIuQ==",
      "license": "MIT",
      "dependencies": {
        "@types/retry": "0.12.0",
        "retry": "^0.13.1"
      },
      "engines": {
        "node": ">=8"
      }
    },
    "node_modules/p-retry/node_modules/@types/retry": {
      "version": "0.12.0",
      "resolved": "https://registry.npmjs.org/@types/retry/-/retry-0.12.0.tgz",
      "integrity": "sha512-wWKOClTTiizcZhXnPY4wikVAwmdYHp8q6DmC+EJUzAMsycb7HB32Kh9RN4+0gExjmPmZSAQjgURXIGATPegAvA==",
      "license": "MIT"
    },
    "node_modules/retry": {
      "version": "0.13.1",
      "resolved": "https://registry.npmjs.org/retry/-/retry-0.13.1.tgz",
      "integrity": "sha512-XQBQ3I8W1Cge0Seh+6gjj03LbmRFWuoszgK9ooCpwYIrhhoO80pfq4cUkU5DkknwfOfFteRwlZ56PYOGYyFWdg==",
      "license": "MIT",
      "engines": {
        "node": ">= 4"
      }
    },
    "node_modules/undici-types": {
      "version": "8.3.0",
      "resolved": "https://registry.npmjs.org/undici-types/-/undici-types-8.3.0.tgz",
      "integrity": "sha512-j375ScV60dom+YkPFIfTLcOiPxkN/buHz5GobjLhixFuANaNs3C9l4GmrWqejgXWJ7BbJcFYpTEUkS1Ge8bpZQ==",
      "license": "MIT"
    }
  }
}
